
Microsoft Visual Studio Solution File, Format Version 12.00
# Visual Studio Version 17
VisualStudioVersion = 17.0.31903.59
MinimumVisualStudioVersion = 10.0.40219.1
Project("{FAE04EC0-301F-11D3-BF4B-00C04F79EFBC}") = "GardenSystem.Api", "GardenSystem.Api\GardenSystem.Api.csproj", "{698DC575-F7B1-43AE-BA62-D865AF7F4E7C}"
EndProject
Project("{FAE04EC0-301F-11D3-BF4B-00C04F79EFBC}") = "GardenSystem.Domain", "GardenSystem.Domain\GardenSystem.Domain.csproj", "{8EA2DCCF-A8C5-4D65-9359-318BF55459D0}"
EndProject
Project("{FAE04EC0-301F-11D3-BF4B-00C04F79EFBC}") = "GardenSystem.Application", "GardenSystem.Application\GardenSystem.Application.csproj", "{48C212E0-4040-450A-B401-B48CBE200832}"
EndProject
Project("{FAE04EC0-301F-11D3-BF4B-00C04F79EFBC}") = "GardenSystem.Infrastructure", "GardenSystem.Infrastructure\GardenSystem.Infrastructure.csproj", "{8A0A2814-77E0-409D-9669-A3DFEFD38599}"
EndProject
Project("{FAE04EC0-301F-11D3-BF4B-00C04F79EFBC}") = "GardenSystem.IntegrationTests", "GardenSystem.IntegrationTests\GardenSystem.IntegrationTests.csproj", "{1B9929DF-E3FE-49D0-88A0-DC5CD30CE424}"
EndProject
Project("{FAE04EC0-301F-11D3-BF4B-00C04F79EFBC}") = "GardenSystem.Application.Tests", "GardenSystem.Application.Tests\GardenSystem.Application.Tests.csproj", "{0CBB510F-B46F-4284-86CE-7479BF769AE4}"
EndProject
Project("{FAE04EC0-301F-11D3-BF4B-00C04F79EFBC}") = "GardenSystem.Domain.Tests", "GardenSystem.Domain.Tests\GardenSystem.Domain.Tests.csproj", "{3089D3DA-7FDB-46C4-9DD2-68084B847F5F}"
EndProject
Project("{FAE04EC0-301F-11D3-BF4B-00C04F79EFBC}") = "GardenSystem.SensorSimulator", "GardenSystem.SensorSimulator\GardenSystem.SensorSimulator.csproj", "{CD65D964-9EEC-4578-8978-B113CEB01878}"
EndProject
Global
	GlobalSection(SolutionConfigurationPlatforms) = preSolution
		Debug|Any CPU = Debug|Any CPU
		Debug|x64 = Debug|x64
		Debug|x86 = Debug|x86
		Release|Any CPU = Release|Any CPU
		Release|x64 = Release|x64
		Release|x86 = Release|x86
	EndGlobalSection
	GlobalSection(ProjectConfigurationPlatforms) = postSolution
		{698DC575-F7B1-43AE-BA62-D865AF7F4E7C}.Debug|Any CPU.ActiveCfg = Debug|Any CPU
		{698DC575-F7B1-43AE-BA62-D865AF7F4E7C}.Debug|Any CPU.Build.0 = Debug|Any CPU
		{698DC575-F7B1-43AE-BA62-D865AF7F4E7C}.Debug|x64.ActiveCfg = Debug|Any CPU
		{698DC575-F7B1-43AE-BA62-D865AF7F4E7C}.Debug|x64.Build.0 = Debug|Any CPU
		{698DC575-F7B1-43AE-BA62-D865AF7F4E7C}.Debug|x86.ActiveCfg = Debug|Any CPU
		{698DC575-F7B1-43AE-BA62-D865AF7F4E7C}.Debug|x86.Build.0 = Debug|Any CPU
		{698DC575-F7B1-43AE-BA62-D865AF7F4E7C}.Release|Any CPU.ActiveCfg = Release|Any CPU
		{698DC575-F7B1-43AE-BA62-D865AF7F4E7C}.Release|Any CPU.Build.0 = Release|Any CPU
		{698DC575-F7B1-43AE-BA62-D865AF7F4E7C}.Release|x64.ActiveCfg = Release|Any CPU
		{698DC575-F7B1-43AE-BA62-D865AF7F4E7C}.Release|x64.Build.0 = Release|Any CPU
		{698DC575-F7B1-43AE-BA62-D865AF7F4E7C}.Release|x86.ActiveCfg = Release|Any CPU
		{698DC575-F7B1-43AE-BA62-D865AF7F4E7C}.Release|x86.Build.0 = Release|Any CPU
		{8EA2DCCF-A8C5-4D65-9359-318BF55459D0}.Debug|Any CPU.ActiveCfg = Debug|Any CPU
		{8EA2DCCF-A8C5-4D65-9359-318BF55459D0}.Debug|Any CPU.Build.0 = Debug|Any CPU
		{8EA2DCCF-A8C5-4D65-9359-318BF55459D0}.Debug|x64.ActiveCfg = Debug|Any CPU
		{8EA2DCCF-A8C5-4D65-9359-318BF55459D0}.Debug|x64.Build.0 = Debug|Any CPU
		{8EA2DCCF-A8C5-4D65-9359-318BF55459D0}.Debug|x86.ActiveCfg = Debug|Any CPU
		{8EA2DCCF-A8C5-4D65-9359-318BF55459D0}.Debug|x86.Build.0 = Debug|Any CPU
		{8EA2DCCF-A8C5-4D65-9359-318BF55459D0}.Release|Any CPU.ActiveCfg = Release|Any CPU
		{8EA2DCCF-A8C5-4D65-9359-318BF55459D0}.Release|Any CPU.Build.0 = Release|Any CPU
		{8EA2DCCF-A8C5-4D65-9359-318BF55459D0}.Release|x64.ActiveCfg = Release|Any CPU
		{8EA2DCCF-A8C5-4D65-9359-318BF55459D0}.Release|x64.Build.0 = Release|Any CPU
		{8EA2DCCF-A8C5-4D65-9359-318BF55459D0}.Release|x86.ActiveCfg = Release|Any CPU
		{8EA2DCCF-A8C5-4D65-9359-318BF55459D0}.Release|x86.Build.0 = Release|Any CPU
		{48C212E0-4040-450A-B401-B48CBE200832}.Debug|Any CPU.ActiveCfg = Debug|Any CPU
		{48C212E0-4040-450A-B401-B48CBE200832}.Debug|Any CPU.Build.0 = Debug|Any CPU
		{48C212E0-4040-450A-B401-B48CBE200832}.Debug|x64.ActiveCfg = Debug|Any CPU
		{48C212E0-4040-450A-B401-B48CBE200832}.Debug|x64.Build.0 = Debug|Any CPU
		{48C212E0-4040-450A-B401-B48CBE200832}.Debug|x86.ActiveCfg = Debug|Any CPU
		{48C212E0-4040-450A-B401-B48CBE200832}.Debug|x86.Build.0 = Debug|Any CPU
		{48C212E0-4040-450A-B401-B48CBE200832}.Release|Any CPU.ActiveCfg = Release|Any CPU
		{48C212E0-4040-450A-B401-B48CBE200832}.Release|Any CPU.Build.0 = Release|Any CPU
		{48C212E0-4040-450A-B401-B48CBE200832}.Release|x64.ActiveCfg = Release|Any CPU
		{48C212E0-4040-450A-B401-B48CBE200832}.Release|x64.Build.0 = Release|Any CPU
		{48C212E0-4040-450A-B401-B48CBE200832}.Release|x86.ActiveCfg = Release|Any CPU
		{48C212E0-4040-450A-B401-B48CBE200832}.Release|x86.Build.0 = Release|Any CPU
		{8A0A2814-77E0-409D-9669-A3DFEFD38599}.Debug|Any CPU.ActiveCfg = Debug|Any CPU
		{8A0A2814-77E0-409D-9669-A3DFEFD38599}.Debug|Any CPU.Build.0 = Debug|Any CPU
		{8A0A2814-77E0-409D-9669-A3DFEFD38599}.Debug|x64.ActiveCfg = Debug|Any CPU
		{8A0A2814-77E0-409D-9669-A3DFEFD38599}.Debug|x64.Build.0 = Debug|Any CPU
		{8A0A2814-77E0-409D-9669-A3DFEFD38599}.Debug|x86.ActiveCfg = Debug|Any CPU
		{8A0A2814-77E0-409D-9669-A3DFEFD38599}.Debug|x86.Build.0 = Debug|Any CPU
		{8A0A2814-77E0-409D-9669-A3DFEFD38599}.Release|Any CPU.ActiveCfg = Release|Any CPU
		{8A0A2814-77E0-409D-9669-A3DFEFD38599}.Release|Any CPU.Build.0 = Release|Any CPU
		{8A0A2814-77E0-409D-9669-A3DFEFD38599}.Release|x64.ActiveCfg = Release|Any CPU
		{8A0A2814-77E0-409D-9669-A3DFEFD38599}.Release|x64.Build.0 = Release|Any CPU
		{8A0A2814-77E0-409D-9669-A3DFEFD38599}.Release|x86.ActiveCfg = Release|Any CPU
		{8A0A2814-77E0-409D-9669-A3DFEFD38599}.Release|x86.Build.0 = Release|Any CPU
		{1B9929DF-E3FE-49D0-88A0-DC5CD30CE424}.Debug|Any CPU.ActiveCfg = Debug|Any CPU
		{1B9929DF-E3FE-49D0-88A0-DC5CD30CE424}.Debug|Any CPU.Build.0 = Debug|Any CPU
		{1B9929DF-E3FE-49D0-88A0-DC5CD30CE424}.Debug|x64.ActiveCfg = Debug|Any CPU
		{1B9929DF-E3FE-49D0-88A0-DC5CD30CE424}.Debug|x64.Build.0 = Debug|Any CPU
		{1B9929DF-E3FE-49D0-88A0-DC5CD30CE424}.Debug|x86.ActiveCfg = Debug|Any CPU
		{1B9929DF-E3FE-49D0-88A0-DC5CD30CE424}.Debug|x86.Build.0 = Debug|Any CPU
		{1B9929DF-E3FE-49D0-88A0-DC5CD30CE424}.Release|Any CPU.ActiveCfg = Release|Any CPU
		{1B9929DF-E3FE-49D0-88A0-DC5CD30CE424}.Release|Any CPU.Build.0 = Release|Any CPU
		{1B9929DF-E3FE-49D0-88A0-DC5CD30CE424}.Release|x64.ActiveCfg = Release|Any CPU
		{1B9929DF-E3FE-49D0-88A0-DC5CD30CE424}.Release|x64.Build.0 = Release|Any CPU
		{1B9929DF-E3FE-49D0-88A0-DC5CD30CE424}.Release|x86.ActiveCfg = Release|Any CPU
		{1B9929DF-E3FE-49D0-88A0-DC5CD30CE424}.Release|x86.Build.0 = Release|Any CPU
		{0CBB510F-B46F-4284-86CE-7479BF769AE4}.Debug|Any CPU.ActiveCfg = Debug|Any CPU
		{0CBB510F-B46F-4284-86CE-7479BF769AE4}.Debug|Any CPU.Build.0 = Debug|Any CPU
		{0CBB510F-B46F-4284-86CE-7479BF769AE4}.Debug|x64.ActiveCfg = Debug|Any CPU
		{0CBB510F-B46F-4284-86CE-7479BF769AE4}.Debug|x64.Build.0 = Debug|Any CPU
		{0CBB510F-B46F-4284-86CE-7479BF769AE4}.Debug|x86.ActiveCfg = Debug|Any CPU
		{0CBB510F-B46F-4284-86CE-7479BF769AE4}.Debug|x86.Build.0 = Debug|Any CPU
		{0CBB510F-B46F-4284-86CE-7479BF769AE4}.Release|Any CPU.ActiveCfg = Release|Any CPU
		{0CBB510F-B46F-4284-86CE-7479BF769AE4}.Release|Any CPU.Build.0 = Release|Any CPU
		{0CBB510F-B46F-4284-86CE-7479BF769AE4}.Release|x64.ActiveCfg = Release|Any CPU
		{0CBB510F-B46F-4284-86CE-7479BF769AE4}.Release|x64.Build.0 = Release|Any CPU
		{0CBB510F-B46F-4284-86CE-7479BF769AE4}.Release|x86.ActiveCfg = Release|Any CPU
		{0CBB510F-B46F-4284-86CE-7479BF769AE4}.Release|x86.Build.0 = Release|Any CPU
		{3089D3DA-7FDB-46C4-9DD2-68084B847F5F}.Debug|Any CPU.ActiveCfg = Debug|Any CPU
		{3089D3DA-7FDB-46C4-9DD2-68084B847F5F}.Debug|Any CPU.Build.0 = Debug|Any CPU
		{3089D3DA-7FDB-46C4-9DD2-68084B847F5F}.Debug|x64.ActiveCfg = Debug|Any CPU
		{3089D3DA-7FDB-46C4-9DD2-68084B847F5F}.Debug|x64.Build.0 = Debug|Any CPU
		{3089D3DA-7FDB-46C4-9DD2-68084B847F5F}.Debug|x86.ActiveCfg = Debug|Any CPU
		{3089D3DA-7FDB-46C4-9DD2-68084B847F5F}.Debug|x86.Build.0 = Debug|Any CPU
		{3089D3DA-7FDB-46C4-9DD2-68084B847F5F}.Release|Any CPU.ActiveCfg = Release|Any CPU
		{3089D3DA-7FDB-46C4-9DD2-68084B847F5F}.Release|Any CPU.Build.0 = Release|Any CPU
		{3089D3DA-7FDB-46C4-9DD2-68084B847F5F}.Release|x64.ActiveCfg = Release|Any CPU
		{3089D3DA-7FDB-46C4-9DD2-68084B847F5F}.Release|x64.Build.0 = Release|Any CPU
		{3089D3DA-7FDB-46C4-9DD2-68084B847F5F}.Release|x86.ActiveCfg = Release|Any CPU
		{3089D3DA-7FDB-46C4-9DD2-68084B847F5F}.Release|x86.Build.0 = Release|Any CPU
		{CD65D964-9EEC-4578-8978-B113CEB01878}.Debug|Any CPU.ActiveCfg = Debug|Any CPU
		{CD65D964-9EEC-4578-8978-B113CEB01878}.Debug|Any CPU.Build.0 = Debug|Any CPU
		{CD65D964-9EEC-4578-8978-B113CEB01878}.Debug|x64.ActiveCfg = Debug|Any CPU
		{CD65D964-9EEC-4578-8978-B113CEB01878}.Debug|x64.Build.0 = Debug|Any CPU
		{CD65D964-9EEC-4578-8978-B113CEB01878}.Debug|x86.ActiveCfg = Debug|Any CPU
		{CD65D964-9EEC-4578-8978-B113CEB01878}.Debug|x86.Build.0 = Debug|Any CPU
		{CD65D964-9EEC-4578-8978-B113CEB01878}.Release|Any CPU.ActiveCfg = Release|Any CPU
		{CD65D964-9EEC-4578-8978-B113CEB01878}.Release|Any CPU.Build.0 = Release|Any CPU
		{CD65D964-9EEC-4578-8978-B113CEB01878}.Release|x64.ActiveCfg = Release|Any CPU
		{CD65D964-9EEC-4578-8978-B113CEB01878}.Release|x64.Build.0 = Release|Any CPU
		{CD65D964-9EEC-4578-8978-B113CEB01878}.Release|x86.ActiveCfg = Release|Any CPU
		{CD65D964-9EEC-4578-8978-B113CEB01878}.Release|x86.Build.0 = Release|Any CPU
	EndGlobalSection
	GlobalSection(SolutionProperties) = preSolution
		HideSolutionNode = FALSE
	EndGlobalSection
EndGlobal
