
Microsoft Visual Studio Solution File, Format Version 12.00
# Visual Studio Version 17
VisualStudioVersion = 17.0.31903.59
MinimumVisualStudioVersion = 10.0.40219.1
Project("{FAE04EC0-301F-11D3-BF4B-00C04F79EFBC}") = "GardenSystem.Api", "GardenSystem.Api\GardenSystem.Api.csproj", "{698DC575-F7B1-43AE-BA62-D865AF7F4E7C}"
EndProject
Project("{FAE04EC0-301F-11D3-BF4B-00C04F79EFBC}") = "GardenSystem.Domain", "GardenSystem.Domain\GardenSystem.Domain.csproj", "{8EA2DCCF-A8C5-4D65-9359-318BF55459D0}"
EndProject
Project("{FAE04EC0-301F-11D3-BF4B-00C04F79EFBC}") = "GardenSystem.Application", "GardenSystem.Application\GardenSystem.Application.csproj", "{48C212E0-4040-450A-B401-B48CBE200832}"
EndProject
Project("{FAE04EC0-301F-11D3-BF4B-00C04F79EFBC}") = "GardenSystem.Infrastructure", "GardenSystem.Infrastructure\GardenSystem.Infrastructure.csproj", "{8A0A2814-77E0-409D-9669-A3DFEFD38599}"
EndProject
Global
	GlobalSection(SolutionConfigurationPlatforms) = preSolution
		Debug|Any CPU = Debug|Any CPU
		Debug|x64 = Debug|x64
		Debug|x86 = Debug|x86
		Release|Any CPU = Release|Any CPU
		Release|x64 = Release|x64
		Release|x86 = Release|x86
	EndGlobalSection
	GlobalSection(ProjectConfigurationPlatforms) = postSolution
		{698DC575-F7B1-43AE-BA62-D865AF7F4E7C}.Debug|Any CPU.ActiveCfg = Debug|Any CPU
		{698DC575-F7B1-43AE-BA62-D865AF7F4E7C}.Debug|Any CPU.Build.0 = Debug|Any CPU
		{698DC575-F7B1-43AE-BA62-D865AF7F4E7C}.Debug|x64.ActiveCfg = Debug|Any CPU
		{698DC575-F7B1-43AE-BA62-D865AF7F4E7C}.Debug|x64.Build.0 = Debug|Any CPU
		{698DC575-F7B1-43AE-BA62-D865AF7F4E7C}.Debug|x86.ActiveCfg = Debug|Any CPU
		{698DC575-F7B1-43AE-BA62-D865AF7F4E7C}.Debug|x86.Build.0 = Debug|Any CPU
		{698DC575-F7B1-43AE-BA62-D865AF7F4E7C}.Release|Any CPU.ActiveCfg = Release|Any CPU
		{698DC575-F7B1-43AE-BA62-D865AF7F4E7C}.Release|Any CPU.Build.0 = Release|Any CPU
		{698DC575-F7B1-43AE-BA62-D865AF7F4E7C}.Release|x64.ActiveCfg = Release|Any CPU
		{698DC575-F7B1-43AE-BA62-D865AF7F4E7C}.Release|x64.Build.0 = Release|Any CPU
		{698DC575-F7B1-43AE-BA62-D865AF7F4E7C}.Release|x86.ActiveCfg = Release|Any CPU
		{698DC575-F7B1-43AE-BA62-D865AF7F4E7C}.Release|x86.Build.0 = Release|Any CPU
		{8EA2DCCF-A8C5-4D65-9359-318BF55459D0}.Debug|Any CPU.ActiveCfg = Debug|Any CPU
		{8EA2DCCF-A8C5-4D65-9359-318BF55459D0}.Debug|Any CPU.Build.0 = Debug|Any CPU
		{8EA2DCCF-A8C5-4D65-9359-318BF55459D0}.Debug|x64.ActiveCfg = Debug|Any CPU
		{8EA2DCCF-A8C5-4D65-9359-318BF55459D0}.Debug|x64.Build.0 = Debug|Any CPU
		{8EA2DCCF-A8C5-4D65-9359-318BF55459D0}.Debug|x86.ActiveCfg = Debug|Any CPU
		{8EA2DCCF-A8C5-4D65-9359-318BF55459D0}.Debug|x86.Build.0 = Debug|Any CPU
		{8EA2DCCF-A8C5-4D65-9359-318BF55459D0}.Release|Any CPU.ActiveCfg = Release|Any CPU
		{8EA2DCCF-A8C5-4D65-9359-318BF55459D0}.Release|Any CPU.Build.0 = Release|Any CPU
		{8EA2DCCF-A8C5-4D65-9359-318BF55459D0}.Release|x64.ActiveCfg = Release|Any CPU
		{8EA2DCCF-A8C5-4D65-9359-318BF55459D0}.Release|x64.Build.0 = Release|Any CPU
		{8EA2DCCF-A8C5-4D65-9359-318BF55459D0}.Release|x86.ActiveCfg = Release|Any CPU
		{8EA2DCCF-A8C5-4D65-9359-318BF55459D0}.Release|x86.Build.0 = Release|Any CPU
		{48C212E0-4040-450A-B401-B48CBE200832}.Debug|Any CPU.ActiveCfg = Debug|Any CPU
		{48C212E0-4040-450A-B401-B48CBE200832}.Debug|Any CPU.Build.0 = Debug|Any CPU
		{48C212E0-4040-450A-B401-B48CBE200832}.Debug|x64.ActiveCfg = Debug|Any CPU
		{48C212E0-4040-450A-B401-B48CBE200832}.Debug|x64.Build.0 = Debug|Any CPU
		{48C212E0-4040-450A-B401-B48CBE200832}.Debug|x86.ActiveCfg = Debug|Any CPU
		{48C212E0-4040-450A-B401-B48CBE200832}.Debug|x86.Build.0 = Debug|Any CPU
		{48C212E0-4040-450A-B401-B48CBE200832}.Release|Any CPU.ActiveCfg = Release|Any CPU
		{48C212E0-4040-450A-B401-B48CBE200832}.Release|Any CPU.Build.0 = Release|Any CPU
		{48C212E0-4040-450A-B401-B48CBE200832}.Release|x64.ActiveCfg = Release|Any CPU
		{48C212E0-4040-450A-B401-B48CBE200832}.Release|x64.Build.0 = Release|Any CPU
		{48C212E0-4040-450A-B401-B48CBE200832}.Release|x86.ActiveCfg = Release|Any CPU
		{48C212E0-4040-450A-B401-B48CBE200832}.Release|x86.Build.0 = Release|Any CPU
		{8A0A2814-77E0-409D-9669-A3DFEFD38599}.Debug|Any CPU.ActiveCfg = Debug|Any CPU
		{8A0A2814-77E0-409D-9669-A3DFEFD38599}.Debug|Any CPU.Build.0 = Debug|Any CPU
		{8A0A2814-77E0-409D-9669-A3DFEFD38599}.Debug|x64.ActiveCfg = Debug|Any CPU
		{8A0A2814-77E0-409D-9669-A3DFEFD38599}.Debug|x64.Build.0 = Debug|Any CPU
		{8A0A2814-77E0-409D-9669-A3DFEFD38599}.Debug|x86.ActiveCfg = Debug|Any CPU
		{8A0A2814-77E0-409D-9669-A3DFEFD38599}.Debug|x86.Build.0 = Debug|Any CPU
		{8A0A2814-77E0-409D-9669-A3DFEFD38599}.Release|Any CPU.ActiveCfg = Release|Any CPU
		{8A0A2814-77E0-409D-9669-A3DFEFD38599}.Release|Any CPU.Build.0 = Release|Any CPU
		{8A0A2814-77E0-409D-9669-A3DFEFD38599}.Release|x64.ActiveCfg = Release|Any CPU
		{8A0A2814-77E0-409D-9669-A3DFEFD38599}.Release|x64.Build.0 = Release|Any CPU
		{8A0A2814-77E0-409D-9669-A3DFEFD38599}.Release|x86.ActiveCfg = Release|Any CPU
		{8A0A2814-77E0-409D-9669-A3DFEFD38599}.Release|x86.Build.0 = Release|Any CPU
	EndGlobalSection
	GlobalSection(SolutionProperties) = preSolution
		HideSolutionNode = FALSE
	EndGlobalSection
EndGlobal
